{
  "name": "group start",
  "lockfileVersion": 3,
  "requires": true,
  "packages": {
    "": {
      "dependencies": {
        "accordion-js": "^3.4.0"
      }
    },
    "node_modules/accordion-js": {
      "version": "3.4.0",
      "resolved": "https://registry.npmjs.org/accordion-js/-/accordion-js-3.4.0.tgz",
      "integrity": "sha512-C1qZhHiw15/tgawpFvue+3TYQ4ko/KYXgKWiceVGRBMbOCB07cpJJKePGSs34MyfGL0e2jcusUjU8UOKhTX9QA==",
      "license": "MIT"
    }
  }
}
